github.com/anhcraft/rice v1.0.2 h1:ZY+czVohsP7OZ15RzyjQ7I/MDArM3gWLieDL7bJCBq0=
github.com/anhcraft/rice v1.0.2/go.mod h1:q3PoriEjgmxfhqCZCC+rzD63hB2ExNd001U+MFV8kCg=
github.com/anhcraft/rice v1.0.3 h1:fq7MQnrXeP01rDutx2PQXbDjSRfD11WVmvH0RTdgut8=
github.com/anhcraft/rice v1.0.3/go.mod h1:q3PoriEjgmxfhqCZCC+rzD63hB2ExNd001U+MFV8kCg=
